// !$*UTF8*$!
{
	archiveVersion = 1;
	classes = {
	};
	objectVersion = 51;
	objects = {

/* Begin PBXBuildFile section */
		1E10E0FE24004F7200247FC7 /* UIApplicationExtension.swift in Sources */ = {isa = PBXBuildFile; fileRef = 1E10E0FD24004F7200247FC7 /* UIApplicationExtension.swift */; };
		1E10E10024006F8A00247FC7 /* GPAccount.swift in Sources */ = {isa = PBXBuildFile; fileRef = 1E10E0FF24006F8A00247FC7 /* GPAccount.swift */; };
		1E10E102240072B100247FC7 /* GPBankingInstitution.swift in Sources */ = {isa = PBXBuildFile; fileRef = 1E10E101240072B100247FC7 /* GPBankingInstitution.swift */; };
		1E10E104240072D000247FC7 /* GPAccountBalance.swift in Sources */ = {isa = PBXBuildFile; fileRef = 1E10E103240072D000247FC7 /* GPAccountBalance.swift */; };
		1E10E106240072EF00247FC7 /* GPAddress.swift in Sources */ = {isa = PBXBuildFile; fileRef = 1E10E105240072EF00247FC7 /* GPAddress.swift */; };
		1E10E1082400730100247FC7 /* GPMerchant.swift in Sources */ = {isa = PBXBuildFile; fileRef = 1E10E1072400730100247FC7 /* GPMerchant.swift */; };
		1E10E10A2400733700247FC7 /* GPUser.swift in Sources */ = {isa = PBXBuildFile; fileRef = 1E10E1092400733700247FC7 /* GPUser.swift */; };
		1E10E10C2400734A00247FC7 /* GPTerminal.swift in Sources */ = {isa = PBXBuildFile; fileRef = 1E10E10B2400734A00247FC7 /* GPTerminal.swift */; };
		1E10E10E2400736D00247FC7 /* GPReceipt.swift in Sources */ = {isa = PBXBuildFile; fileRef = 1E10E10D2400736D00247FC7 /* GPReceipt.swift */; };
		1E10E1102400738900247FC7 /* GPReceiptData.swift in Sources */ = {isa = PBXBuildFile; fileRef = 1E10E10F2400738900247FC7 /* GPReceiptData.swift */; };
		1E10E1122400739B00247FC7 /* GPErrorMessage.swift in Sources */ = {isa = PBXBuildFile; fileRef = 1E10E1112400739B00247FC7 /* GPErrorMessage.swift */; };
		1E19D9AC248AD68800C8D656 /* GPAccountRequestStatus.swift in Sources */ = {isa = PBXBuildFile; fileRef = 1E19D9AB248AD68700C8D656 /* GPAccountRequestStatus.swift */; };
		1E1E8A512403E429008B5822 /* GPErrorViewController.swift in Sources */ = {isa = PBXBuildFile; fileRef = 1E1E8A4F2403E429008B5822 /* GPErrorViewController.swift */; };
		1E1E8A522403E429008B5822 /* GPErrorViewController.xib in Resources */ = {isa = PBXBuildFile; fileRef = 1E1E8A502403E429008B5822 /* GPErrorViewController.xib */; };
		1E1E8A7D24045B47008B5822 /* GPModelTests.swift in Sources */ = {isa = PBXBuildFile; fileRef = 1E1E8A7924044F9F008B5822 /* GPModelTests.swift */; };
		1E1E8A8224046102008B5822 /* GPLoadingOverlay.swift in Sources */ = {isa = PBXBuildFile; fileRef = 1E1E8A8124046102008B5822 /* GPLoadingOverlay.swift */; };
		1E32AF1323F707EB00693F52 /* GPRoundedButton.swift in Sources */ = {isa = PBXBuildFile; fileRef = 1E32AF1223F707EB00693F52 /* GPRoundedButton.swift */; };
		1E32AF1423F7088A00693F52 /* GPRoundedButton.swift in Headers */ = {isa = PBXBuildFile; fileRef = 1E32AF1223F707EB00693F52 /* GPRoundedButton.swift */; settings = {ATTRIBUTES = (Public, ); }; };
		1E32AF1823F711A000693F52 /* StringExtension.swift in Sources */ = {isa = PBXBuildFile; fileRef = 1E32AF1723F711A000693F52 /* StringExtension.swift */; };
		1E32AF1A23F711E500693F52 /* UIScreenExtension.swift in Sources */ = {isa = PBXBuildFile; fileRef = 1E32AF1923F711E500693F52 /* UIScreenExtension.swift */; };
		1E3BBFAE240D4CC600283C58 /* StringProtocolExtension.swift in Sources */ = {isa = PBXBuildFile; fileRef = 1E3BBFAD240D4CC600283C58 /* StringProtocolExtension.swift */; };
		1E3E0ABE23F46D530067CF3E /* GPListItemDisclousure.swift in Sources */ = {isa = PBXBuildFile; fileRef = 1E3E0ABD23F46D530067CF3E /* GPListItemDisclousure.swift */; };
		1E3E0AC023F46DC10067CF3E /* GPListItemDisclousure.xib in Resources */ = {isa = PBXBuildFile; fileRef = 1E3E0ABF23F46DC10067CF3E /* GPListItemDisclousure.xib */; };
		1E3FCBDC248D8D9B00EC29DD /* GPPendingAccountInfoView.swift in Sources */ = {isa = PBXBuildFile; fileRef = 1E3FCBDB248D8D9B00EC29DD /* GPPendingAccountInfoView.swift */; };
		1E4CFE9423F2E71000E445F3 /* Getpay_Core.framework in Frameworks */ = {isa = PBXBuildFile; fileRef = 1E4CFE8A23F2E71000E445F3 /* Getpay_Core.framework */; };
		1E4CFE9923F2E71000E445F3 /* Getpay_CoreTests.swift in Sources */ = {isa = PBXBuildFile; fileRef = 1E4CFE9823F2E71000E445F3 /* Getpay_CoreTests.swift */; };
		1E4CFE9B23F2E71000E445F3 /* Getpay_Core.h in Headers */ = {isa = PBXBuildFile; fileRef = 1E4CFE8D23F2E71000E445F3 /* Getpay_Core.h */; settings = {ATTRIBUTES = (Public, ); }; };
		1E543D8C2412C5B000CB59E3 /* UIColorExtension.swift in Sources */ = {isa = PBXBuildFile; fileRef = 1E543D8B2412C5B000CB59E3 /* UIColorExtension.swift */; };
		1E60EFFF243FE0D300FB22F8 /* IntExtension.swift in Sources */ = {isa = PBXBuildFile; fileRef = 1E60EFFE243FE0D300FB22F8 /* IntExtension.swift */; };
		1E62A46523F30AD4009ED647 /* Urls.swift in Sources */ = {isa = PBXBuildFile; fileRef = 1E62A46423F30AD4009ED647 /* Urls.swift */; };
		1E62A47A23F322E1009ED647 /* Buttons.xib in Resources */ = {isa = PBXBuildFile; fileRef = 1E62A47923F322E1009ED647 /* Buttons.xib */; };
		1E62A47F23F3298B009ED647 /* GPOutlinedButton.swift in Sources */ = {isa = PBXBuildFile; fileRef = 1E62A47E23F3298B009ED647 /* GPOutlinedButton.swift */; };
		1E62A48123F330CB009ED647 /* GPTextButton.swift in Sources */ = {isa = PBXBuildFile; fileRef = 1E62A48023F330CB009ED647 /* GPTextButton.swift */; };
		1E62A48923F33FA2009ED647 /* GPContainedButton.swift in Sources */ = {isa = PBXBuildFile; fileRef = 1E62A48823F33FA2009ED647 /* GPContainedButton.swift */; };
		1E62A49023F429E8009ED647 /* UIViewExtension.swift in Sources */ = {isa = PBXBuildFile; fileRef = 1E62A48F23F429E8009ED647 /* UIViewExtension.swift */; };
		1E62A49223F42AC2009ED647 /* UINibExtension.swift in Sources */ = {isa = PBXBuildFile; fileRef = 1E62A49123F42AC2009ED647 /* UINibExtension.swift */; };
		1E71C796248C364500BB307E /* GPAccountPersistence.swift in Sources */ = {isa = PBXBuildFile; fileRef = 1E71C795248C364500BB307E /* GPAccountPersistence.swift */; };
		1E913526248ECCF900BF4A79 /* PendingAccountPresets.swift in Sources */ = {isa = PBXBuildFile; fileRef = 1E913525248ECCF900BF4A79 /* PendingAccountPresets.swift */; };
		1E9516932427958100C92A04 /* GPSession.swift in Sources */ = {isa = PBXBuildFile; fileRef = 1E9516922427958100C92A04 /* GPSession.swift */; };
		1E95B9EC23FB1395000A3AC8 /* UIViewControllerExtension.swift in Headers */ = {isa = PBXBuildFile; fileRef = 1EF36EA023F4885700A27983 /* UIViewControllerExtension.swift */; settings = {ATTRIBUTES = (Public, ); }; };
		1EACBB572423AFC3008DA4EC /* DoubleExtension.swift in Sources */ = {isa = PBXBuildFile; fileRef = 1EACBB562423AFC3008DA4EC /* DoubleExtension.swift */; };
		1EB0A19223FEC76500D7693D /* GPNetworkInterceptor.swift in Sources */ = {isa = PBXBuildFile; fileRef = 1EB0A19123FEC76500D7693D /* GPNetworkInterceptor.swift */; };
		1EB0A1A32400027800D7693D /* CGSizeExtencion.swift in Sources */ = {isa = PBXBuildFile; fileRef = 1EB0A1A22400027800D7693D /* CGSizeExtencion.swift */; };
		1EB0A1A5240002A800D7693D /* GPCGFloatExtension.swift in Sources */ = {isa = PBXBuildFile; fileRef = 1EB0A1A4240002A800D7693D /* GPCGFloatExtension.swift */; };
		1EB0A1A72400088C00D7693D /* UILabelExtension.swift in Sources */ = {isa = PBXBuildFile; fileRef = 1EB0A1A62400088C00D7693D /* UILabelExtension.swift */; };
		1EB0A1A924000D4700D7693D /* GPErrorViewModel.swift in Sources */ = {isa = PBXBuildFile; fileRef = 1EB0A1A824000D4700D7693D /* GPErrorViewModel.swift */; };
		1EB0A1AC240011FD00D7693D /* GPReceiptViewController.swift in Sources */ = {isa = PBXBuildFile; fileRef = 1EB0A1AA240011FD00D7693D /* GPReceiptViewController.swift */; };
		1EB0A1AD240011FD00D7693D /* GPReceiptViewController.xib in Resources */ = {isa = PBXBuildFile; fileRef = 1EB0A1AB240011FD00D7693D /* GPReceiptViewController.xib */; };
		1EB5402A23FC5D0600C798BA /* UIImageViewEXtension.swift in Sources */ = {isa = PBXBuildFile; fileRef = 1EB5402923FC5D0600C798BA /* UIImageViewEXtension.swift */; };
		1EF36E9E23F4754D00A27983 /* CoreImages.xcassets in Resources */ = {isa = PBXBuildFile; fileRef = 1EF36E9D23F4754D00A27983 /* CoreImages.xcassets */; };
		1EF36EA123F4885700A27983 /* UIViewControllerExtension.swift in Sources */ = {isa = PBXBuildFile; fileRef = 1EF36EA023F4885700A27983 /* UIViewControllerExtension.swift */; };
		1EF36EA423F48E4E00A27983 /* GPListDisclousureCellTableViewCell.swift in Sources */ = {isa = PBXBuildFile; fileRef = 1EF36EA223F48E4E00A27983 /* GPListDisclousureCellTableViewCell.swift */; };
		1EF36EA523F48E4E00A27983 /* GPListDisclousureCellTableViewCell.xib in Resources */ = {isa = PBXBuildFile; fileRef = 1EF36EA323F48E4E00A27983 /* GPListDisclousureCellTableViewCell.xib */; };
		1EFBE8762407F861003805EC /* GPLogger.swift in Sources */ = {isa = PBXBuildFile; fileRef = 1EFBE8752407F861003805EC /* GPLogger.swift */; };
		2473DEDE5A982A592575C6EF /* Pods_Getpay_Core.framework in Frameworks */ = {isa = PBXBuildFile; fileRef = DC99D80BAFD68D06F5C66A68 /* Pods_Getpay_Core.framework */; };
		BF105A8D2469CB90009E428E /* GPTextField.swift in Sources */ = {isa = PBXBuildFile; fileRef = BF105A8A2469A244009E428E /* GPTextField.swift */; };
		BF105A982469EBAB009E428E /* UINavigationControllerExtension.swift in Sources */ = {isa = PBXBuildFile; fileRef = BF105A972469EBAB009E428E /* UINavigationControllerExtension.swift */; };
		D624BDF1242AB1D2006DD69C /* colors.txt in Resources */ = {isa = PBXBuildFile; fileRef = D624BDF0242AB1D2006DD69C /* colors.txt */; };
		D624BDF3242AB851006DD69C /* GPColors.swift in Sources */ = {isa = PBXBuildFile; fileRef = D624BDF2242AB851006DD69C /* GPColors.swift */; };
		D624BDF5242CD162006DD69C /* BaseRequestProtocol.swift in Sources */ = {isa = PBXBuildFile; fileRef = D624BDF4242CD162006DD69C /* BaseRequestProtocol.swift */; };
		D624BDF7242CD263006DD69C /* ServiceManager.swift in Sources */ = {isa = PBXBuildFile; fileRef = D624BDF6242CD263006DD69C /* ServiceManager.swift */; };
		D624BDFD242CE846006DD69C /* NibLoadable.swift in Sources */ = {isa = PBXBuildFile; fileRef = D624BDFC242CE846006DD69C /* NibLoadable.swift */; };
		D63853E3245078C700C56F1D /* GPUtils.swift in Sources */ = {isa = PBXBuildFile; fileRef = D63853E2245078C700C56F1D /* GPUtils.swift */; };
		D6429AE32445E648003F6A62 /* Readme.md in Resources */ = {isa = PBXBuildFile; fileRef = D6429AE22445E648003F6A62 /* Readme.md */; };
		D662BA5D244E173300D4AFDB /* Getpay-Core.podspec in Resources */ = {isa = PBXBuildFile; fileRef = D662BA5C244E173300D4AFDB /* Getpay-Core.podspec */; };
		D662BA5F244E38DD00D4AFDB /* GPTerminalService.swift in Sources */ = {isa = PBXBuildFile; fileRef = D662BA5E244E38DD00D4AFDB /* GPTerminalService.swift */; };
		D663745F24366AB0006C8E9F /* GPNetworkingService.swift in Sources */ = {isa = PBXBuildFile; fileRef = D663745E24366AB0006C8E9F /* GPNetworkingService.swift */; };
		D6691FB82416F0E8007F45B8 /* CircleViewWithLabel.swift in Sources */ = {isa = PBXBuildFile; fileRef = D6691FB72416F0E8007F45B8 /* CircleViewWithLabel.swift */; };
		D6695C682475A96E001333FB /* BaseViewController.swift in Sources */ = {isa = PBXBuildFile; fileRef = D6695C672475A96E001333FB /* BaseViewController.swift */; };
		D68C647A241FB14600BA65B2 /* Coordinator.swift in Sources */ = {isa = PBXBuildFile; fileRef = D68C6479241FB14600BA65B2 /* Coordinator.swift */; };
		D68C647C2420FC3300BA65B2 /* ErrorView.swift in Sources */ = {isa = PBXBuildFile; fileRef = D68C647B2420FC3300BA65B2 /* ErrorView.swift */; };
		D68C649F242183BC00BA65B2 /* Calibri-SemiBold.ttf in Resources */ = {isa = PBXBuildFile; fileRef = D68C649B242183BC00BA65B2 /* Calibri-SemiBold.ttf */; };
		D68C64A0242183BC00BA65B2 /* Calibri-Regular.ttf in Resources */ = {isa = PBXBuildFile; fileRef = D68C649C242183BC00BA65B2 /* Calibri-Regular.ttf */; };
		D68C64A1242183BC00BA65B2 /* Calibri-Italic.ttf in Resources */ = {isa = PBXBuildFile; fileRef = D68C649D242183BC00BA65B2 /* Calibri-Italic.ttf */; };
		D68C64A2242183BC00BA65B2 /* Calibri-Bold.ttf in Resources */ = {isa = PBXBuildFile; fileRef = D68C649E242183BC00BA65B2 /* Calibri-Bold.ttf */; };
		D68C64B424225E7400BA65B2 /* GPFonts.swift in Sources */ = {isa = PBXBuildFile; fileRef = D68C64B324225E7400BA65B2 /* GPFonts.swift */; };
		D6AFB927244B70E900803CC3 /* UserDefaultsExtension.swift in Sources */ = {isa = PBXBuildFile; fileRef = D6AFB926244B70E900803CC3 /* UserDefaultsExtension.swift */; };
		D6B4940B243D186D00E98F5D /* AuthStateManager.swift in Sources */ = {isa = PBXBuildFile; fileRef = D6B4940A243D186D00E98F5D /* AuthStateManager.swift */; };
		D6F88E58243E21760017B4DE /* GPBasePageableListProtocol.swift in Sources */ = {isa = PBXBuildFile; fileRef = D6F88E57243E21760017B4DE /* GPBasePageableListProtocol.swift */; };
		D9E87795855C2BE0A93FEED6 /* Pods_Getpay_CoreTests.framework in Frameworks */ = {isa = PBXBuildFile; fileRef = 0C84E708C396751E41F6F1F4 /* Pods_Getpay_CoreTests.framework */; };
/* End PBXBuildFile section */

/* Begin PBXContainerItemProxy section */
		1E4CFE9523F2E71000E445F3 /* PBXContainerItemProxy */ = {
			isa = PBXContainerItemProxy;
			containerPortal = 1E4CFE8123F2E71000E445F3 /* Project object */;
			proxyType = 1;
			remoteGlobalIDString = 1E4CFE8923F2E71000E445F3;
			remoteInfo = "Getpay-Core";
		};
/* End PBXContainerItemProxy section */

/* Begin PBXFileReference section */
		0A415E063BA3DA4D1168B02E /* Pods-Getpay-CoreTests.release.xcconfig */ = {isa = PBXFileReference; includeInIndex = 1; lastKnownFileType = text.xcconfig; name = "Pods-Getpay-CoreTests.release.xcconfig"; path = "Target Support Files/Pods-Getpay-CoreTests/Pods-Getpay-CoreTests.release.xcconfig"; sourceTree = "<group>"; };
		0C84E708C396751E41F6F1F4 /* Pods_Getpay_CoreTests.framework */ = {isa = PBXFileReference; explicitFileType = wrapper.framework; includeInIndex = 0; path = Pods_Getpay_CoreTests.framework; sourceTree = BUILT_PRODUCTS_DIR; };
		138BC2547A9D18C7E8C48628 /* Pods-Getpay-CoreTests.debug.xcconfig */ = {isa = PBXFileReference; includeInIndex = 1; lastKnownFileType = text.xcconfig; name = "Pods-Getpay-CoreTests.debug.xcconfig"; path = "Target Support Files/Pods-Getpay-CoreTests/Pods-Getpay-CoreTests.debug.xcconfig"; sourceTree = "<group>"; };
		1E10E0FD24004F7200247FC7 /* UIApplicationExtension.swift */ = {isa = PBXFileReference; lastKnownFileType = sourcecode.swift; path = UIApplicationExtension.swift; sourceTree = "<group>"; };
		1E10E0FF24006F8A00247FC7 /* GPAccount.swift */ = {isa = PBXFileReference; lastKnownFileType = sourcecode.swift; path = GPAccount.swift; sourceTree = "<group>"; };
		1E10E101240072B100247FC7 /* GPBankingInstitution.swift */ = {isa = PBXFileReference; lastKnownFileType = sourcecode.swift; path = GPBankingInstitution.swift; sourceTree = "<group>"; };
		1E10E103240072D000247FC7 /* GPAccountBalance.swift */ = {isa = PBXFileReference; lastKnownFileType = sourcecode.swift; path = GPAccountBalance.swift; sourceTree = "<group>"; };
		1E10E105240072EF00247FC7 /* GPAddress.swift */ = {isa = PBXFileReference; lastKnownFileType = sourcecode.swift; path = GPAddress.swift; sourceTree = "<group>"; };
		1E10E1072400730100247FC7 /* GPMerchant.swift */ = {isa = PBXFileReference; lastKnownFileType = sourcecode.swift; path = GPMerchant.swift; sourceTree = "<group>"; };
		1E10E1092400733700247FC7 /* GPUser.swift */ = {isa = PBXFileReference; lastKnownFileType = sourcecode.swift; path = GPUser.swift; sourceTree = "<group>"; };
		1E10E10B2400734A00247FC7 /* GPTerminal.swift */ = {isa = PBXFileReference; lastKnownFileType = sourcecode.swift; path = GPTerminal.swift; sourceTree = "<group>"; };
		1E10E10D2400736D00247FC7 /* GPReceipt.swift */ = {isa = PBXFileReference; lastKnownFileType = sourcecode.swift; path = GPReceipt.swift; sourceTree = "<group>"; };
		1E10E10F2400738900247FC7 /* GPReceiptData.swift */ = {isa = PBXFileReference; lastKnownFileType = sourcecode.swift; path = GPReceiptData.swift; sourceTree = "<group>"; };
		1E10E1112400739B00247FC7 /* GPErrorMessage.swift */ = {isa = PBXFileReference; lastKnownFileType = sourcecode.swift; path = GPErrorMessage.swift; sourceTree = "<group>"; };
		1E19D9AB248AD68700C8D656 /* GPAccountRequestStatus.swift */ = {isa = PBXFileReference; fileEncoding = 4; lastKnownFileType = sourcecode.swift; path = GPAccountRequestStatus.swift; sourceTree = "<group>"; };
		1E1E8A4F2403E429008B5822 /* GPErrorViewController.swift */ = {isa = PBXFileReference; lastKnownFileType = sourcecode.swift; path = GPErrorViewController.swift; sourceTree = "<group>"; };
		1E1E8A502403E429008B5822 /* GPErrorViewController.xib */ = {isa = PBXFileReference; lastKnownFileType = file.xib; path = GPErrorViewController.xib; sourceTree = "<group>"; };
		1E1E8A7924044F9F008B5822 /* GPModelTests.swift */ = {isa = PBXFileReference; lastKnownFileType = sourcecode.swift; path = GPModelTests.swift; sourceTree = "<group>"; };
		1E1E8A8124046102008B5822 /* GPLoadingOverlay.swift */ = {isa = PBXFileReference; lastKnownFileType = sourcecode.swift; path = GPLoadingOverlay.swift; sourceTree = "<group>"; };
		1E32AF1223F707EB00693F52 /* GPRoundedButton.swift */ = {isa = PBXFileReference; fileEncoding = 4; lastKnownFileType = sourcecode.swift; path = GPRoundedButton.swift; sourceTree = "<group>"; };
		1E32AF1723F711A000693F52 /* StringExtension.swift */ = {isa = PBXFileReference; lastKnownFileType = sourcecode.swift; path = StringExtension.swift; sourceTree = "<group>"; };
		1E32AF1923F711E500693F52 /* UIScreenExtension.swift */ = {isa = PBXFileReference; lastKnownFileType = sourcecode.swift; path = UIScreenExtension.swift; sourceTree = "<group>"; };
		1E3BBFAD240D4CC600283C58 /* StringProtocolExtension.swift */ = {isa = PBXFileReference; lastKnownFileType = sourcecode.swift; path = StringProtocolExtension.swift; sourceTree = "<group>"; };
		1E3E0ABD23F46D530067CF3E /* GPListItemDisclousure.swift */ = {isa = PBXFileReference; lastKnownFileType = sourcecode.swift; path = GPListItemDisclousure.swift; sourceTree = "<group>"; };
		1E3E0ABF23F46DC10067CF3E /* GPListItemDisclousure.xib */ = {isa = PBXFileReference; lastKnownFileType = file.xib; path = GPListItemDisclousure.xib; sourceTree = "<group>"; };
		1E3FCBDB248D8D9B00EC29DD /* GPPendingAccountInfoView.swift */ = {isa = PBXFileReference; lastKnownFileType = sourcecode.swift; path = GPPendingAccountInfoView.swift; sourceTree = "<group>"; };
		1E4CFE8A23F2E71000E445F3 /* Getpay_Core.framework */ = {isa = PBXFileReference; explicitFileType = wrapper.framework; includeInIndex = 0; path = Getpay_Core.framework; sourceTree = BUILT_PRODUCTS_DIR; };
		1E4CFE8D23F2E71000E445F3 /* Getpay_Core.h */ = {isa = PBXFileReference; lastKnownFileType = sourcecode.c.h; path = Getpay_Core.h; sourceTree = "<group>"; };
		1E4CFE8E23F2E71000E445F3 /* Info.plist */ = {isa = PBXFileReference; lastKnownFileType = text.plist.xml; path = Info.plist; sourceTree = "<group>"; };
		1E4CFE9323F2E71000E445F3 /* Getpay-CoreTests.xctest */ = {isa = PBXFileReference; explicitFileType = wrapper.cfbundle; includeInIndex = 0; path = "Getpay-CoreTests.xctest"; sourceTree = BUILT_PRODUCTS_DIR; };
		1E4CFE9823F2E71000E445F3 /* Getpay_CoreTests.swift */ = {isa = PBXFileReference; lastKnownFileType = sourcecode.swift; path = Getpay_CoreTests.swift; sourceTree = "<group>"; };
		1E4CFE9A23F2E71000E445F3 /* Info.plist */ = {isa = PBXFileReference; lastKnownFileType = text.plist.xml; path = Info.plist; sourceTree = "<group>"; };
		1E543D8B2412C5B000CB59E3 /* UIColorExtension.swift */ = {isa = PBXFileReference; lastKnownFileType = sourcecode.swift; path = UIColorExtension.swift; sourceTree = "<group>"; };
		1E60EFFE243FE0D300FB22F8 /* IntExtension.swift */ = {isa = PBXFileReference; fileEncoding = 4; lastKnownFileType = sourcecode.swift; path = IntExtension.swift; sourceTree = "<group>"; };
		1E62A46423F30AD4009ED647 /* Urls.swift */ = {isa = PBXFileReference; lastKnownFileType = sourcecode.swift; path = Urls.swift; sourceTree = "<group>"; };
		1E62A47923F322E1009ED647 /* Buttons.xib */ = {isa = PBXFileReference; lastKnownFileType = file.xib; path = Buttons.xib; sourceTree = "<group>"; };
		1E62A47E23F3298B009ED647 /* GPOutlinedButton.swift */ = {isa = PBXFileReference; lastKnownFileType = sourcecode.swift; path = GPOutlinedButton.swift; sourceTree = "<group>"; };
		1E62A48023F330CB009ED647 /* GPTextButton.swift */ = {isa = PBXFileReference; lastKnownFileType = sourcecode.swift; path = GPTextButton.swift; sourceTree = "<group>"; };
		1E62A48823F33FA2009ED647 /* GPContainedButton.swift */ = {isa = PBXFileReference; lastKnownFileType = sourcecode.swift; path = GPContainedButton.swift; sourceTree = "<group>"; };
		1E62A48F23F429E8009ED647 /* UIViewExtension.swift */ = {isa = PBXFileReference; lastKnownFileType = sourcecode.swift; path = UIViewExtension.swift; sourceTree = "<group>"; };
		1E62A49123F42AC2009ED647 /* UINibExtension.swift */ = {isa = PBXFileReference; lastKnownFileType = sourcecode.swift; path = UINibExtension.swift; sourceTree = "<group>"; };
		1E71C795248C364500BB307E /* GPAccountPersistence.swift */ = {isa = PBXFileReference; fileEncoding = 4; lastKnownFileType = sourcecode.swift; path = GPAccountPersistence.swift; sourceTree = "<group>"; };
		1E913525248ECCF900BF4A79 /* PendingAccountPresets.swift */ = {isa = PBXFileReference; lastKnownFileType = sourcecode.swift; path = PendingAccountPresets.swift; sourceTree = "<group>"; };
		1E9516922427958100C92A04 /* GPSession.swift */ = {isa = PBXFileReference; lastKnownFileType = sourcecode.swift; path = GPSession.swift; sourceTree = "<group>"; };
		1EACBB562423AFC3008DA4EC /* DoubleExtension.swift */ = {isa = PBXFileReference; lastKnownFileType = sourcecode.swift; path = DoubleExtension.swift; sourceTree = "<group>"; };
		1EB0A19123FEC76500D7693D /* GPNetworkInterceptor.swift */ = {isa = PBXFileReference; lastKnownFileType = sourcecode.swift; path = GPNetworkInterceptor.swift; sourceTree = "<group>"; };
		1EB0A1A22400027800D7693D /* CGSizeExtencion.swift */ = {isa = PBXFileReference; lastKnownFileType = sourcecode.swift; path = CGSizeExtencion.swift; sourceTree = "<group>"; };
		1EB0A1A4240002A800D7693D /* GPCGFloatExtension.swift */ = {isa = PBXFileReference; lastKnownFileType = sourcecode.swift; path = GPCGFloatExtension.swift; sourceTree = "<group>"; };
		1EB0A1A62400088C00D7693D /* UILabelExtension.swift */ = {isa = PBXFileReference; lastKnownFileType = sourcecode.swift; path = UILabelExtension.swift; sourceTree = "<group>"; };
		1EB0A1A824000D4700D7693D /* GPErrorViewModel.swift */ = {isa = PBXFileReference; lastKnownFileType = sourcecode.swift; path = GPErrorViewModel.swift; sourceTree = "<group>"; };
		1EB0A1AA240011FD00D7693D /* GPReceiptViewController.swift */ = {isa = PBXFileReference; lastKnownFileType = sourcecode.swift; path = GPReceiptViewController.swift; sourceTree = "<group>"; };
		1EB0A1AB240011FD00D7693D /* GPReceiptViewController.xib */ = {isa = PBXFileReference; lastKnownFileType = file.xib; path = GPReceiptViewController.xib; sourceTree = "<group>"; };
		1EB5402923FC5D0600C798BA /* UIImageViewEXtension.swift */ = {isa = PBXFileReference; lastKnownFileType = sourcecode.swift; path = UIImageViewEXtension.swift; sourceTree = "<group>"; };
		1EF36E9D23F4754D00A27983 /* CoreImages.xcassets */ = {isa = PBXFileReference; lastKnownFileType = folder.assetcatalog; path = CoreImages.xcassets; sourceTree = "<group>"; };
		1EF36EA023F4885700A27983 /* UIViewControllerExtension.swift */ = {isa = PBXFileReference; lastKnownFileType = sourcecode.swift; path = UIViewControllerExtension.swift; sourceTree = "<group>"; };
		1EF36EA223F48E4E00A27983 /* GPListDisclousureCellTableViewCell.swift */ = {isa = PBXFileReference; lastKnownFileType = sourcecode.swift; path = GPListDisclousureCellTableViewCell.swift; sourceTree = "<group>"; };
		1EF36EA323F48E4E00A27983 /* GPListDisclousureCellTableViewCell.xib */ = {isa = PBXFileReference; lastKnownFileType = file.xib; path = GPListDisclousureCellTableViewCell.xib; sourceTree = "<group>"; };
		1EFBE8752407F861003805EC /* GPLogger.swift */ = {isa = PBXFileReference; lastKnownFileType = sourcecode.swift; path = GPLogger.swift; sourceTree = "<group>"; };
		B4BBE1BA43463F596C87BE7B /* Pods-Getpay-Core.release.xcconfig */ = {isa = PBXFileReference; includeInIndex = 1; lastKnownFileType = text.xcconfig; name = "Pods-Getpay-Core.release.xcconfig"; path = "Target Support Files/Pods-Getpay-Core/Pods-Getpay-Core.release.xcconfig"; sourceTree = "<group>"; };
		BF105A8A2469A244009E428E /* GPTextField.swift */ = {isa = PBXFileReference; lastKnownFileType = sourcecode.swift; path = GPTextField.swift; sourceTree = "<group>"; };
		BF105A8E2469CF64009E428E /* JVFloatLabeledTextField.framework */ = {isa = PBXFileReference; explicitFileType = wrapper.framework; path = JVFloatLabeledTextField.framework; sourceTree = BUILT_PRODUCTS_DIR; };
		BF105A972469EBAB009E428E /* UINavigationControllerExtension.swift */ = {isa = PBXFileReference; lastKnownFileType = sourcecode.swift; path = UINavigationControllerExtension.swift; sourceTree = "<group>"; };
		D624BDF0242AB1D2006DD69C /* colors.txt */ = {isa = PBXFileReference; lastKnownFileType = text; path = colors.txt; sourceTree = "<group>"; };
		D624BDF2242AB851006DD69C /* GPColors.swift */ = {isa = PBXFileReference; fileEncoding = 4; lastKnownFileType = sourcecode.swift; path = GPColors.swift; sourceTree = "<group>"; };
		D624BDF4242CD162006DD69C /* BaseRequestProtocol.swift */ = {isa = PBXFileReference; lastKnownFileType = sourcecode.swift; path = BaseRequestProtocol.swift; sourceTree = "<group>"; };
		D624BDF6242CD263006DD69C /* ServiceManager.swift */ = {isa = PBXFileReference; lastKnownFileType = sourcecode.swift; path = ServiceManager.swift; sourceTree = "<group>"; };
		D624BDFC242CE846006DD69C /* NibLoadable.swift */ = {isa = PBXFileReference; fileEncoding = 4; lastKnownFileType = sourcecode.swift; path = NibLoadable.swift; sourceTree = "<group>"; };
		D63853E2245078C700C56F1D /* GPUtils.swift */ = {isa = PBXFileReference; lastKnownFileType = sourcecode.swift; path = GPUtils.swift; sourceTree = "<group>"; };
		D6429AE22445E648003F6A62 /* Readme.md */ = {isa = PBXFileReference; lastKnownFileType = net.daringfireball.markdown; path = Readme.md; sourceTree = "<group>"; };
		D662BA5C244E173300D4AFDB /* Getpay-Core.podspec */ = {isa = PBXFileReference; fileEncoding = 4; lastKnownFileType = text; path = "Getpay-Core.podspec"; sourceTree = "<group>"; xcLanguageSpecificationIdentifier = xcode.lang.ruby; };
		D662BA5E244E38DD00D4AFDB /* GPTerminalService.swift */ = {isa = PBXFileReference; lastKnownFileType = sourcecode.swift; path = GPTerminalService.swift; sourceTree = "<group>"; };
		D663745E24366AB0006C8E9F /* GPNetworkingService.swift */ = {isa = PBXFileReference; fileEncoding = 4; lastKnownFileType = sourcecode.swift; path = GPNetworkingService.swift; sourceTree = "<group>"; };
		D6691FB72416F0E8007F45B8 /* CircleViewWithLabel.swift */ = {isa = PBXFileReference; lastKnownFileType = sourcecode.swift; path = CircleViewWithLabel.swift; sourceTree = "<group>"; };
		D6695C672475A96E001333FB /* BaseViewController.swift */ = {isa = PBXFileReference; lastKnownFileType = sourcecode.swift; path = BaseViewController.swift; sourceTree = "<group>"; };
		D68C6479241FB14600BA65B2 /* Coordinator.swift */ = {isa = PBXFileReference; lastKnownFileType = sourcecode.swift; path = Coordinator.swift; sourceTree = "<group>"; };
		D68C647B2420FC3300BA65B2 /* ErrorView.swift */ = {isa = PBXFileReference; lastKnownFileType = sourcecode.swift; path = ErrorView.swift; sourceTree = "<group>"; };
		D68C649B242183BC00BA65B2 /* Calibri-SemiBold.ttf */ = {isa = PBXFileReference; lastKnownFileType = file; path = "Calibri-SemiBold.ttf"; sourceTree = "<group>"; };
		D68C649C242183BC00BA65B2 /* Calibri-Regular.ttf */ = {isa = PBXFileReference; lastKnownFileType = file; path = "Calibri-Regular.ttf"; sourceTree = "<group>"; };
		D68C649D242183BC00BA65B2 /* Calibri-Italic.ttf */ = {isa = PBXFileReference; lastKnownFileType = file; path = "Calibri-Italic.ttf"; sourceTree = "<group>"; };
		D68C649E242183BC00BA65B2 /* Calibri-Bold.ttf */ = {isa = PBXFileReference; lastKnownFileType = file; path = "Calibri-Bold.ttf"; sourceTree = "<group>"; };
		D68C64B12422553600BA65B2 /* swiftgen.yml */ = {isa = PBXFileReference; lastKnownFileType = text.yaml; path = swiftgen.yml; sourceTree = "<group>"; };
		D68C64B324225E7400BA65B2 /* GPFonts.swift */ = {isa = PBXFileReference; fileEncoding = 4; lastKnownFileType = sourcecode.swift; path = GPFonts.swift; sourceTree = "<group>"; };
		D6AFB926244B70E900803CC3 /* UserDefaultsExtension.swift */ = {isa = PBXFileReference; lastKnownFileType = sourcecode.swift; path = UserDefaultsExtension.swift; sourceTree = "<group>"; };
		D6B4940A243D186D00E98F5D /* AuthStateManager.swift */ = {isa = PBXFileReference; lastKnownFileType = sourcecode.swift; path = AuthStateManager.swift; sourceTree = "<group>"; };
		D6F88E57243E21760017B4DE /* GPBasePageableListProtocol.swift */ = {isa = PBXFileReference; lastKnownFileType = sourcecode.swift; path = GPBasePageableListProtocol.swift; sourceTree = "<group>"; };
		D7EAD100134604FA2F641D87 /* Pods-Getpay-Core.debug.xcconfig */ = {isa = PBXFileReference; includeInIndex = 1; lastKnownFileType = text.xcconfig; name = "Pods-Getpay-Core.debug.xcconfig"; path = "Target Support Files/Pods-Getpay-Core/Pods-Getpay-Core.debug.xcconfig"; sourceTree = "<group>"; };
		DC99D80BAFD68D06F5C66A68 /* Pods_Getpay_Core.framework */ = {isa = PBXFileReference; explicitFileType = wrapper.framework; includeInIndex = 0; path = Pods_Getpay_Core.framework; sourceTree = BUILT_PRODUCTS_DIR; };
/* End PBXFileReference section */

/* Begin PBXFrameworksBuildPhase section */
		1E4CFE8723F2E71000E445F3 /* Frameworks */ = {
			isa = PBXFrameworksBuildPhase;
			buildActionMask = 2147483647;
			files = (
				2473DEDE5A982A592575C6EF /* Pods_Getpay_Core.framework in Frameworks */,
			);
			runOnlyForDeploymentPostprocessing = 0;
		};
		1E4CFE9023F2E71000E445F3 /* Frameworks */ = {
			isa = PBXFrameworksBuildPhase;
			buildActionMask = 2147483647;
			files = (
				1E4CFE9423F2E71000E445F3 /* Getpay_Core.framework in Frameworks */,
				D9E87795855C2BE0A93FEED6 /* Pods_Getpay_CoreTests.framework in Frameworks */,
			);
			runOnlyForDeploymentPostprocessing = 0;
		};
/* End PBXFrameworksBuildPhase section */

/* Begin PBXGroup section */
		1E32AF1B23F712C200693F52 /* Models */ = {
			isa = PBXGroup;
			children = (
				1E71C795248C364500BB307E /* GPAccountPersistence.swift */,
				1E19D9AB248AD68700C8D656 /* GPAccountRequestStatus.swift */,
				1EB0A1A824000D4700D7693D /* GPErrorViewModel.swift */,
				1E10E0FF24006F8A00247FC7 /* GPAccount.swift */,
				1E10E101240072B100247FC7 /* GPBankingInstitution.swift */,
				1E10E103240072D000247FC7 /* GPAccountBalance.swift */,
				1E10E105240072EF00247FC7 /* GPAddress.swift */,
				1E10E1072400730100247FC7 /* GPMerchant.swift */,
				1E10E1092400733700247FC7 /* GPUser.swift */,
				1E10E10B2400734A00247FC7 /* GPTerminal.swift */,
				1E10E10D2400736D00247FC7 /* GPReceipt.swift */,
				1E10E10F2400738900247FC7 /* GPReceiptData.swift */,
				1E10E1112400739B00247FC7 /* GPErrorMessage.swift */,
				D6F88E57243E21760017B4DE /* GPBasePageableListProtocol.swift */,
			);
			path = Models;
			sourceTree = "<group>";
		};
		1E3E0ABB23F46CF50067CF3E /* ListItems */ = {
			isa = PBXGroup;
			children = (
				1E3E0ABD23F46D530067CF3E /* GPListItemDisclousure.swift */,
				1E3E0ABF23F46DC10067CF3E /* GPListItemDisclousure.xib */,
				1EF36EA223F48E4E00A27983 /* GPListDisclousureCellTableViewCell.swift */,
				1EF36EA323F48E4E00A27983 /* GPListDisclousureCellTableViewCell.xib */,
			);
			path = ListItems;
			sourceTree = "<group>";
		};
		1E4CFE8023F2E71000E445F3 = {
			isa = PBXGroup;
			children = (
				D662BA5C244E173300D4AFDB /* Getpay-Core.podspec */,
				D68C64B12422553600BA65B2 /* swiftgen.yml */,
				1E4CFE8C23F2E71000E445F3 /* Getpay-Core */,
				1E4CFE9723F2E71000E445F3 /* Getpay-CoreTests */,
				1E4CFE8B23F2E71000E445F3 /* Products */,
				37E9E8C182FFE78B9C86E8DA /* Pods */,
				CF70771B58086C0104AD719E /* Frameworks */,
			);
			sourceTree = "<group>";
		};
		1E4CFE8B23F2E71000E445F3 /* Products */ = {
			isa = PBXGroup;
			children = (
				1E4CFE8A23F2E71000E445F3 /* Getpay_Core.framework */,
				1E4CFE9323F2E71000E445F3 /* Getpay-CoreTests.xctest */,
			);
			name = Products;
			sourceTree = "<group>";
		};
		1E4CFE8C23F2E71000E445F3 /* Getpay-Core */ = {
			isa = PBXGroup;
			children = (
				D68C647E242169AC00BA65B2 /* Resources */,
				1E62A46123F30A95009ED647 /* Modules */,
				1E4CFE8D23F2E71000E445F3 /* Getpay_Core.h */,
				1E4CFE8E23F2E71000E445F3 /* Info.plist */,
			);
			path = "Getpay-Core";
			sourceTree = "<group>";
		};
		1E4CFE9723F2E71000E445F3 /* Getpay-CoreTests */ = {
			isa = PBXGroup;
			children = (
				1E4CFE9823F2E71000E445F3 /* Getpay_CoreTests.swift */,
				1E1E8A7924044F9F008B5822 /* GPModelTests.swift */,
				1E4CFE9A23F2E71000E445F3 /* Info.plist */,
			);
			path = "Getpay-CoreTests";
			sourceTree = "<group>";
		};
		1E62A46123F30A95009ED647 /* Modules */ = {
			isa = PBXGroup;
			children = (
				D63853E1245078B000C56F1D /* Utils */,
				D63853E02450788F00C56F1D /* TerminalService */,
				1E9516912427957300C92A04 /* Auth */,
				D68C64B02422548700BA65B2 /* SwiftGen */,
				1EB0A19023FEC74500D7693D /* Networking */,
				1E62A48E23F429D8009ED647 /* Extensions */,
				1E62A47423F31FF3009ED647 /* Components */,
				1E62A46223F30AB1009ED647 /* Supporting Files */,
				D68C6479241FB14600BA65B2 /* Coordinator.swift */,
			);
			path = Modules;
			sourceTree = "<group>";
		};
		1E62A46223F30AB1009ED647 /* Supporting Files */ = {
			isa = PBXGroup;
			children = (
				1EF36E9D23F4754D00A27983 /* CoreImages.xcassets */,
				1E62A46423F30AD4009ED647 /* Urls.swift */,
				1EFBE8752407F861003805EC /* GPLogger.swift */,
			);
			path = "Supporting Files";
			sourceTree = "<group>";
		};
		1E62A47423F31FF3009ED647 /* Components */ = {
			isa = PBXGroup;
			children = (
				BF105A892469A220009E428E /* TextField */,
				1EF36E9F23F47FDD00A27983 /* Views */,
				1E3E0ABB23F46CF50067CF3E /* ListItems */,
				1E62A47823F32265009ED647 /* Buttons */,
				D6695C672475A96E001333FB /* BaseViewController.swift */,
			);
			path = Components;
			sourceTree = "<group>";
		};
		1E62A47823F32265009ED647 /* Buttons */ = {
			isa = PBXGroup;
			children = (
				1E32AF1223F707EB00693F52 /* GPRoundedButton.swift */,
				1E62A47E23F3298B009ED647 /* GPOutlinedButton.swift */,
				1E62A48823F33FA2009ED647 /* GPContainedButton.swift */,
				1E62A48023F330CB009ED647 /* GPTextButton.swift */,
				1E62A47923F322E1009ED647 /* Buttons.xib */,
			);
			path = Buttons;
			sourceTree = "<group>";
		};
		1E62A48E23F429D8009ED647 /* Extensions */ = {
			isa = PBXGroup;
			children = (
				1E60EFFE243FE0D300FB22F8 /* IntExtension.swift */,
				D624BDFC242CE846006DD69C /* NibLoadable.swift */,
				1E62A48F23F429E8009ED647 /* UIViewExtension.swift */,
				1E62A49123F42AC2009ED647 /* UINibExtension.swift */,
				1EF36EA023F4885700A27983 /* UIViewControllerExtension.swift */,
				1E32AF1723F711A000693F52 /* StringExtension.swift */,
				1E32AF1923F711E500693F52 /* UIScreenExtension.swift */,
				1EB5402923FC5D0600C798BA /* UIImageViewEXtension.swift */,
				1EB0A1A22400027800D7693D /* CGSizeExtencion.swift */,
				1EB0A1A4240002A800D7693D /* GPCGFloatExtension.swift */,
				1EB0A1A62400088C00D7693D /* UILabelExtension.swift */,
				1E10E0FD24004F7200247FC7 /* UIApplicationExtension.swift */,
				1E3BBFAD240D4CC600283C58 /* StringProtocolExtension.swift */,
				1E543D8B2412C5B000CB59E3 /* UIColorExtension.swift */,
				1EACBB562423AFC3008DA4EC /* DoubleExtension.swift */,
				D6AFB926244B70E900803CC3 /* UserDefaultsExtension.swift */,
				BF105A972469EBAB009E428E /* UINavigationControllerExtension.swift */,
			);
			path = Extensions;
			sourceTree = "<group>";
		};
		1E9516912427957300C92A04 /* Auth */ = {
			isa = PBXGroup;
			children = (
				1E9516922427958100C92A04 /* GPSession.swift */,
			);
			path = Auth;
			sourceTree = "<group>";
		};
		1EB0A19023FEC74500D7693D /* Networking */ = {
			isa = PBXGroup;
			children = (
				D663745E24366AB0006C8E9F /* GPNetworkingService.swift */,
				1EB0A19123FEC76500D7693D /* GPNetworkInterceptor.swift */,
				D624BDF4242CD162006DD69C /* BaseRequestProtocol.swift */,
				D624BDF6242CD263006DD69C /* ServiceManager.swift */,
				D6B4940A243D186D00E98F5D /* AuthStateManager.swift */,
				D6429AE22445E648003F6A62 /* Readme.md */,
			);
			path = Networking;
			sourceTree = "<group>";
		};
		1EF36E9F23F47FDD00A27983 /* Views */ = {
			isa = PBXGroup;
			children = (
				1E32AF1B23F712C200693F52 /* Models */,
				1EB0A1AA240011FD00D7693D /* GPReceiptViewController.swift */,
				1EB0A1AB240011FD00D7693D /* GPReceiptViewController.xib */,
				1E1E8A4F2403E429008B5822 /* GPErrorViewController.swift */,
				1E1E8A502403E429008B5822 /* GPErrorViewController.xib */,
				1E1E8A8124046102008B5822 /* GPLoadingOverlay.swift */,
				D6691FB72416F0E8007F45B8 /* CircleViewWithLabel.swift */,
				D68C647B2420FC3300BA65B2 /* ErrorView.swift */,
				1E3FCBDB248D8D9B00EC29DD /* GPPendingAccountInfoView.swift */,
				1E913525248ECCF900BF4A79 /* PendingAccountPresets.swift */,
			);
			path = Views;
			sourceTree = "<group>";
		};
		37E9E8C182FFE78B9C86E8DA /* Pods */ = {
			isa = PBXGroup;
			children = (
				D7EAD100134604FA2F641D87 /* Pods-Getpay-Core.debug.xcconfig */,
				B4BBE1BA43463F596C87BE7B /* Pods-Getpay-Core.release.xcconfig */,
				138BC2547A9D18C7E8C48628 /* Pods-Getpay-CoreTests.debug.xcconfig */,
				0A415E063BA3DA4D1168B02E /* Pods-Getpay-CoreTests.release.xcconfig */,
			);
			path = Pods;
			sourceTree = "<group>";
		};
		BF105A892469A220009E428E /* TextField */ = {
			isa = PBXGroup;
			children = (
				BF105A8A2469A244009E428E /* GPTextField.swift */,
			);
			path = TextField;
			sourceTree = "<group>";
		};
		CF70771B58086C0104AD719E /* Frameworks */ = {
			isa = PBXGroup;
			children = (
				BF105A8E2469CF64009E428E /* JVFloatLabeledTextField.framework */,
				DC99D80BAFD68D06F5C66A68 /* Pods_Getpay_Core.framework */,
				0C84E708C396751E41F6F1F4 /* Pods_Getpay_CoreTests.framework */,
			);
			name = Frameworks;
			sourceTree = "<group>";
		};
		D624BDEF242AB1A8006DD69C /* Colors */ = {
			isa = PBXGroup;
			children = (
				D624BDF0242AB1D2006DD69C /* colors.txt */,
			);
			path = Colors;
			sourceTree = "<group>";
		};
		D63853E02450788F00C56F1D /* TerminalService */ = {
			isa = PBXGroup;
			children = (
				D662BA5E244E38DD00D4AFDB /* GPTerminalService.swift */,
			);
			path = TerminalService;
			sourceTree = "<group>";
		};
		D63853E1245078B000C56F1D /* Utils */ = {
			isa = PBXGroup;
			children = (
				D63853E2245078C700C56F1D /* GPUtils.swift */,
			);
			path = Utils;
			sourceTree = "<group>";
		};
		D68C647E242169AC00BA65B2 /* Resources */ = {
			isa = PBXGroup;
			children = (
				D624BDEF242AB1A8006DD69C /* Colors */,
				D68C647F242169B400BA65B2 /* Fonts */,
			);
			path = Resources;
			sourceTree = "<group>";
		};
		D68C647F242169B400BA65B2 /* Fonts */ = {
			isa = PBXGroup;
			children = (
				D68C6480242169C200BA65B2 /* Calibri */,
			);
			path = Fonts;
			sourceTree = "<group>";
		};
		D68C6480242169C200BA65B2 /* Calibri */ = {
			isa = PBXGroup;
			children = (
				D68C649E242183BC00BA65B2 /* Calibri-Bold.ttf */,
				D68C649D242183BC00BA65B2 /* Calibri-Italic.ttf */,
				D68C649C242183BC00BA65B2 /* Calibri-Regular.ttf */,
				D68C649B242183BC00BA65B2 /* Calibri-SemiBold.ttf */,
			);
			path = Calibri;
			sourceTree = "<group>";
		};
		D68C64B02422548700BA65B2 /* SwiftGen */ = {
			isa = PBXGroup;
			children = (
				D624BDF2242AB851006DD69C /* GPColors.swift */,
				D68C64B324225E7400BA65B2 /* GPFonts.swift */,
			);
			path = SwiftGen;
			sourceTree = "<group>";
		};
/* End PBXGroup section */

/* Begin PBXHeadersBuildPhase section */
		1E4CFE8523F2E71000E445F3 /* Headers */ = {
			isa = PBXHeadersBuildPhase;
			buildActionMask = 2147483647;
			files = (
				1E4CFE9B23F2E71000E445F3 /* Getpay_Core.h in Headers */,
				1E32AF1423F7088A00693F52 /* GPRoundedButton.swift in Headers */,
				1E95B9EC23FB1395000A3AC8 /* UIViewControllerExtension.swift in Headers */,
			);
			runOnlyForDeploymentPostprocessing = 0;
		};
/* End PBXHeadersBuildPhase section */

/* Begin PBXNativeTarget section */
		1E4CFE8923F2E71000E445F3 /* Getpay-Core */ = {
			isa = PBXNativeTarget;
			buildConfigurationList = 1E4CFE9E23F2E71000E445F3 /* Build configuration list for PBXNativeTarget "Getpay-Core" */;
			buildPhases = (
				CD83162231B990B4205529E1 /* [CP] Check Pods Manifest.lock */,
				1E4CFE8523F2E71000E445F3 /* Headers */,
				1E4CFE8623F2E71000E445F3 /* Sources */,
				1E4CFE8723F2E71000E445F3 /* Frameworks */,
				1E4CFE8823F2E71000E445F3 /* Resources */,
				D68C64B2242259AC00BA65B2 /* SwiftGen */,
			);
			buildRules = (
			);
			dependencies = (
			);
			name = "Getpay-Core";
			productName = "Getpay-Core";
			productReference = 1E4CFE8A23F2E71000E445F3 /* Getpay_Core.framework */;
			productType = "com.apple.product-type.framework";
		};
		1E4CFE9223F2E71000E445F3 /* Getpay-CoreTests */ = {
			isa = PBXNativeTarget;
			buildConfigurationList = 1E4CFEA123F2E71000E445F3 /* Build configuration list for PBXNativeTarget "Getpay-CoreTests" */;
			buildPhases = (
				76371CD0D47FC9B982E250D9 /* [CP] Check Pods Manifest.lock */,
				1E4CFE8F23F2E71000E445F3 /* Sources */,
				1E4CFE9023F2E71000E445F3 /* Frameworks */,
				1E4CFE9123F2E71000E445F3 /* Resources */,
				D3F1A1D66FE8733A6110E427 /* [CP] Embed Pods Frameworks */,
			);
			buildRules = (
			);
			dependencies = (
				1E4CFE9623F2E71000E445F3 /* PBXTargetDependency */,
			);
			name = "Getpay-CoreTests";
			productName = "Getpay-CoreTests";
			productReference = 1E4CFE9323F2E71000E445F3 /* Getpay-CoreTests.xctest */;
			productType = "com.apple.product-type.bundle.unit-test";
		};
/* End PBXNativeTarget section */

/* Begin PBXProject section */
		1E4CFE8123F2E71000E445F3 /* Project object */ = {
			isa = PBXProject;
			attributes = {
				LastSwiftUpdateCheck = 1130;
				LastUpgradeCheck = 1130;
				ORGANIZATIONNAME = Getnet;
				TargetAttributes = {
					1E4CFE8923F2E71000E445F3 = {
						CreatedOnToolsVersion = 11.3.1;
						LastSwiftMigration = 1130;
					};
					1E4CFE9223F2E71000E445F3 = {
						CreatedOnToolsVersion = 11.3.1;
					};
				};
			};
			buildConfigurationList = 1E4CFE8423F2E71000E445F3 /* Build configuration list for PBXProject "Getpay-Core" */;
			compatibilityVersion = "Xcode 9.3";
			developmentRegion = en;
			hasScannedForEncodings = 0;
			knownRegions = (
				en,
				Base,
			);
			mainGroup = 1E4CFE8023F2E71000E445F3;
			productRefGroup = 1E4CFE8B23F2E71000E445F3 /* Products */;
			projectDirPath = "";
			projectRoot = "";
			targets = (
				1E4CFE8923F2E71000E445F3 /* Getpay-Core */,
				1E4CFE9223F2E71000E445F3 /* Getpay-CoreTests */,
			);
		};
/* End PBXProject section */

/* Begin PBXResourcesBuildPhase section */
		1E4CFE8823F2E71000E445F3 /* Resources */ = {
			isa = PBXResourcesBuildPhase;
			buildActionMask = 2147483647;
			files = (
				D624BDF1242AB1D2006DD69C /* colors.txt in Resources */,
				1E3E0AC023F46DC10067CF3E /* GPListItemDisclousure.xib in Resources */,
				D6429AE32445E648003F6A62 /* Readme.md in Resources */,
				1E62A47A23F322E1009ED647 /* Buttons.xib in Resources */,
				1E1E8A522403E429008B5822 /* GPErrorViewController.xib in Resources */,
				D68C64A1242183BC00BA65B2 /* Calibri-Italic.ttf in Resources */,
				1EF36EA523F48E4E00A27983 /* GPListDisclousureCellTableViewCell.xib in Resources */,
				D68C64A0242183BC00BA65B2 /* Calibri-Regular.ttf in Resources */,
				D68C649F242183BC00BA65B2 /* Calibri-SemiBold.ttf in Resources */,
				1EF36E9E23F4754D00A27983 /* CoreImages.xcassets in Resources */,
				D662BA5D244E173300D4AFDB /* Getpay-Core.podspec in Resources */,
				D68C64A2242183BC00BA65B2 /* Calibri-Bold.ttf in Resources */,
				1EB0A1AD240011FD00D7693D /* GPReceiptViewController.xib in Resources */,
			);
			runOnlyForDeploymentPostprocessing = 0;
		};
		1E4CFE9123F2E71000E445F3 /* Resources */ = {
			isa = PBXResourcesBuildPhase;
			buildActionMask = 2147483647;
			files = (
			);
			runOnlyForDeploymentPostprocessing = 0;
		};
/* End PBXResourcesBuildPhase section */

/* Begin PBXShellScriptBuildPhase section */
		76371CD0D47FC9B982E250D9 /* [CP] Check Pods Manifest.lock */ = {
			isa = PBXShellScriptBuildPhase;
			buildActionMask = 2147483647;
			files = (
			);
			inputFileListPaths = (
			);
			inputPaths = (
				"${PODS_PODFILE_DIR_PATH}/Podfile.lock",
				"${PODS_ROOT}/Manifest.lock",
			);
			name = "[CP] Check Pods Manifest.lock";
			outputFileListPaths = (
			);
			outputPaths = (
				"$(DERIVED_FILE_DIR)/Pods-Getpay-CoreTests-checkManifestLockResult.txt",
			);
			runOnlyForDeploymentPostprocessing = 0;
			shellPath = /bin/sh;
			shellScript = "diff \"${PODS_PODFILE_DIR_PATH}/Podfile.lock\" \"${PODS_ROOT}/Manifest.lock\" > /dev/null\nif [ $? != 0 ] ; then\n    # print error to STDERR\n    echo \"error: The sandbox is not in sync with the Podfile.lock. Run 'pod install' or update your CocoaPods installation.\" >&2\n    exit 1\nfi\n# This output is used by Xcode 'outputs' to avoid re-running this script phase.\necho \"SUCCESS\" > \"${SCRIPT_OUTPUT_FILE_0}\"\n";
			showEnvVarsInLog = 0;
		};
		CD83162231B990B4205529E1 /* [CP] Check Pods Manifest.lock */ = {
			isa = PBXShellScriptBuildPhase;
			buildActionMask = 2147483647;
			files = (
			);
			inputFileListPaths = (
			);
			inputPaths = (
				"${PODS_PODFILE_DIR_PATH}/Podfile.lock",
				"${PODS_ROOT}/Manifest.lock",
			);
			name = "[CP] Check Pods Manifest.lock";
			outputFileListPaths = (
			);
			outputPaths = (
				"$(DERIVED_FILE_DIR)/Pods-Getpay-Core-checkManifestLockResult.txt",
			);
			runOnlyForDeploymentPostprocessing = 0;
			shellPath = /bin/sh;
			shellScript = "diff \"${PODS_PODFILE_DIR_PATH}/Podfile.lock\" \"${PODS_ROOT}/Manifest.lock\" > /dev/null\nif [ $? != 0 ] ; then\n    # print error to STDERR\n    echo \"error: The sandbox is not in sync with the Podfile.lock. Run 'pod install' or update your CocoaPods installation.\" >&2\n    exit 1\nfi\n# This output is used by Xcode 'outputs' to avoid re-running this script phase.\necho \"SUCCESS\" > \"${SCRIPT_OUTPUT_FILE_0}\"\n";
			showEnvVarsInLog = 0;
		};
		D3F1A1D66FE8733A6110E427 /* [CP] Embed Pods Frameworks */ = {
			isa = PBXShellScriptBuildPhase;
			buildActionMask = 2147483647;
			files = (
			);
			inputFileListPaths = (
				"${PODS_ROOT}/Target Support Files/Pods-Getpay-CoreTests/Pods-Getpay-CoreTests-frameworks-${CONFIGURATION}-input-files.xcfilelist",
			);
			name = "[CP] Embed Pods Frameworks";
			outputFileListPaths = (
				"${PODS_ROOT}/Target Support Files/Pods-Getpay-CoreTests/Pods-Getpay-CoreTests-frameworks-${CONFIGURATION}-output-files.xcfilelist",
			);
			runOnlyForDeploymentPostprocessing = 0;
			shellPath = /bin/sh;
			shellScript = "\"${PODS_ROOT}/Target Support Files/Pods-Getpay-CoreTests/Pods-Getpay-CoreTests-frameworks.sh\"\n";
			showEnvVarsInLog = 0;
		};
		D68C64B2242259AC00BA65B2 /* SwiftGen */ = {
			isa = PBXShellScriptBuildPhase;
			buildActionMask = 2147483647;
			files = (
			);
			inputFileListPaths = (
			);
			inputPaths = (
			);
			name = SwiftGen;
			outputFileListPaths = (
			);
			outputPaths = (
			);
			runOnlyForDeploymentPostprocessing = 0;
			shellPath = /bin/sh;
			shellScript = "\"$PODS_ROOT/SwiftGen/bin/swiftgen\"\n";
		};
/* End PBXShellScriptBuildPhase section */

/* Begin PBXSourcesBuildPhase section */
		1E4CFE8623F2E71000E445F3 /* Sources */ = {
			isa = PBXSourcesBuildPhase;
			buildActionMask = 2147483647;
			files = (
				1E19D9AC248AD68800C8D656 /* GPAccountRequestStatus.swift in Sources */,
				BF105A8D2469CB90009E428E /* GPTextField.swift in Sources */,
				1E10E102240072B100247FC7 /* GPBankingInstitution.swift in Sources */,
				1EB5402A23FC5D0600C798BA /* UIImageViewEXtension.swift in Sources */,
				D68C64B424225E7400BA65B2 /* GPFonts.swift in Sources */,
				1E10E1102400738900247FC7 /* GPReceiptData.swift in Sources */,
				BF105A982469EBAB009E428E /* UINavigationControllerExtension.swift in Sources */,
				1E71C796248C364500BB307E /* GPAccountPersistence.swift in Sources */,
				D6691FB82416F0E8007F45B8 /* CircleViewWithLabel.swift in Sources */,
				1E62A48123F330CB009ED647 /* GPTextButton.swift in Sources */,
				1E62A47F23F3298B009ED647 /* GPOutlinedButton.swift in Sources */,
				D624BDF5242CD162006DD69C /* BaseRequestProtocol.swift in Sources */,
				1EB0A1A72400088C00D7693D /* UILabelExtension.swift in Sources */,
				1EF36EA123F4885700A27983 /* UIViewControllerExtension.swift in Sources */,
				1E60EFFF243FE0D300FB22F8 /* IntExtension.swift in Sources */,
				D663745F24366AB0006C8E9F /* GPNetworkingService.swift in Sources */,
				1E1E8A512403E429008B5822 /* GPErrorViewController.swift in Sources */,
				1E10E0FE24004F7200247FC7 /* UIApplicationExtension.swift in Sources */,
				1E1E8A8224046102008B5822 /* GPLoadingOverlay.swift in Sources */,
				1E62A49223F42AC2009ED647 /* UINibExtension.swift in Sources */,
				D63853E3245078C700C56F1D /* GPUtils.swift in Sources */,
				1E62A46523F30AD4009ED647 /* Urls.swift in Sources */,
				1EB0A1A5240002A800D7693D /* GPCGFloatExtension.swift in Sources */,
				D624BDFD242CE846006DD69C /* NibLoadable.swift in Sources */,
				1E10E10C2400734A00247FC7 /* GPTerminal.swift in Sources */,
				1EF36EA423F48E4E00A27983 /* GPListDisclousureCellTableViewCell.swift in Sources */,
				1E913526248ECCF900BF4A79 /* PendingAccountPresets.swift in Sources */,
				D6B4940B243D186D00E98F5D /* AuthStateManager.swift in Sources */,
				1EB0A1A32400027800D7693D /* CGSizeExtencion.swift in Sources */,
				1E32AF1A23F711E500693F52 /* UIScreenExtension.swift in Sources */,
				D6F88E58243E21760017B4DE /* GPBasePageableListProtocol.swift in Sources */,
				1EB0A1AC240011FD00D7693D /* GPReceiptViewController.swift in Sources */,
				D624BDF7242CD263006DD69C /* ServiceManager.swift in Sources */,
				1E32AF1323F707EB00693F52 /* GPRoundedButton.swift in Sources */,
				1EB0A19223FEC76500D7693D /* GPNetworkInterceptor.swift in Sources */,
				D68C647C2420FC3300BA65B2 /* ErrorView.swift in Sources */,
				1E3BBFAE240D4CC600283C58 /* StringProtocolExtension.swift in Sources */,
				1E9516932427958100C92A04 /* GPSession.swift in Sources */,
				D6695C682475A96E001333FB /* BaseViewController.swift in Sources */,
				D6AFB927244B70E900803CC3 /* UserDefaultsExtension.swift in Sources */,
				1E543D8C2412C5B000CB59E3 /* UIColorExtension.swift in Sources */,
				1E10E1082400730100247FC7 /* GPMerchant.swift in Sources */,
				1E10E1122400739B00247FC7 /* GPErrorMessage.swift in Sources */,
				1E62A49023F429E8009ED647 /* UIViewExtension.swift in Sources */,
				1EACBB572423AFC3008DA4EC /* DoubleExtension.swift in Sources */,
				1E10E10A2400733700247FC7 /* GPUser.swift in Sources */,
				D662BA5F244E38DD00D4AFDB /* GPTerminalService.swift in Sources */,
				1E3E0ABE23F46D530067CF3E /* GPListItemDisclousure.swift in Sources */,
				1EB0A1A924000D4700D7693D /* GPErrorViewModel.swift in Sources */,
				D68C647A241FB14600BA65B2 /* Coordinator.swift in Sources */,
				1E10E10E2400736D00247FC7 /* GPReceipt.swift in Sources */,
				1E3FCBDC248D8D9B00EC29DD /* GPPendingAccountInfoView.swift in Sources */,
				1EFBE8762407F861003805EC /* GPLogger.swift in Sources */,
				1E10E10024006F8A00247FC7 /* GPAccount.swift in Sources */,
				D624BDF3242AB851006DD69C /* GPColors.swift in Sources */,
				1E10E104240072D000247FC7 /* GPAccountBalance.swift in Sources */,
				1E10E106240072EF00247FC7 /* GPAddress.swift in Sources */,
				1E32AF1823F711A000693F52 /* StringExtension.swift in Sources */,
				1E62A48923F33FA2009ED647 /* GPContainedButton.swift in Sources */,
			);
			runOnlyForDeploymentPostprocessing = 0;
		};
		1E4CFE8F23F2E71000E445F3 /* Sources */ = {
			isa = PBXSourcesBuildPhase;
			buildActionMask = 2147483647;
			files = (
				1E1E8A7D24045B47008B5822 /* GPModelTests.swift in Sources */,
				1E4CFE9923F2E71000E445F3 /* Getpay_CoreTests.swift in Sources */,
			);
			runOnlyForDeploymentPostprocessing = 0;
		};
/* End PBXSourcesBuildPhase section */

/* Begin PBXTargetDependency section */
		1E4CFE9623F2E71000E445F3 /* PBXTargetDependency */ = {
			isa = PBXTargetDependency;
			target = 1E4CFE8923F2E71000E445F3 /* Getpay-Core */;
			targetProxy = 1E4CFE9523F2E71000E445F3 /* PBXContainerItemProxy */;
		};
/* End PBXTargetDependency section */

/* Begin XCBuildConfiguration section */
		1E4CFE9C23F2E71000E445F3 /* Debug */ = {
			isa = XCBuildConfiguration;
			buildSettings = {
				ALWAYS_SEARCH_USER_PATHS = NO;
				CLANG_ANALYZER_NONNULL = YES;
				CLANG_ANALYZER_NUMBER_OBJECT_CONVERSION = YES_AGGRESSIVE;
				CLANG_CXX_LANGUAGE_STANDARD = "gnu++14";
				CLANG_CXX_LIBRARY = "libc++";
				CLANG_ENABLE_MODULES = YES;
				CLANG_ENABLE_OBJC_ARC = YES;
				CLANG_ENABLE_OBJC_WEAK = YES;
				CLANG_WARN_BLOCK_CAPTURE_AUTORELEASING = YES;
				CLANG_WARN_BOOL_CONVERSION = YES;
				CLANG_WARN_COMMA = YES;
				CLANG_WARN_CONSTANT_CONVERSION = YES;
				CLANG_WARN_DEPRECATED_OBJC_IMPLEMENTATIONS = YES;
				CLANG_WARN_DIRECT_OBJC_ISA_USAGE = YES_ERROR;
				CLANG_WARN_DOCUMENTATION_COMMENTS = YES;
				CLANG_WARN_EMPTY_BODY = YES;
				CLANG_WARN_ENUM_CONVERSION = YES;
				CLANG_WARN_INFINITE_RECURSION = YES;
				CLANG_WARN_INT_CONVERSION = YES;
				CLANG_WARN_NON_LITERAL_NULL_CONVERSION = YES;
				CLANG_WARN_OBJC_IMPLICIT_RETAIN_SELF = YES;
				CLANG_WARN_OBJC_LITERAL_CONVERSION = YES;
				CLANG_WARN_OBJC_ROOT_CLASS = YES_ERROR;
				CLANG_WARN_RANGE_LOOP_ANALYSIS = YES;
				CLANG_WARN_STRICT_PROTOTYPES = YES;
				CLANG_WARN_SUSPICIOUS_MOVE = YES;
				CLANG_WARN_UNGUARDED_AVAILABILITY = YES_AGGRESSIVE;
				CLANG_WARN_UNREACHABLE_CODE = YES;
				CLANG_WARN__DUPLICATE_METHOD_MATCH = YES;
				COPY_PHASE_STRIP = NO;
				CURRENT_PROJECT_VERSION = 1;
				DEBUG_INFORMATION_FORMAT = dwarf;
				ENABLE_STRICT_OBJC_MSGSEND = YES;
				ENABLE_TESTABILITY = YES;
				GCC_C_LANGUAGE_STANDARD = gnu11;
				GCC_DYNAMIC_NO_PIC = NO;
				GCC_NO_COMMON_BLOCKS = YES;
				GCC_OPTIMIZATION_LEVEL = 0;
				GCC_PREPROCESSOR_DEFINITIONS = (
					"DEBUG=1",
					"$(inherited)",
				);
				GCC_WARN_64_TO_32_BIT_CONVERSION = YES;
				GCC_WARN_ABOUT_RETURN_TYPE = YES_ERROR;
				GCC_WARN_UNDECLARED_SELECTOR = YES;
				GCC_WARN_UNINITIALIZED_AUTOS = YES_AGGRESSIVE;
				GCC_WARN_UNUSED_FUNCTION = YES;
				GCC_WARN_UNUSED_VARIABLE = YES;
				IPHONEOS_DEPLOYMENT_TARGET = 11.0;
				MTL_ENABLE_DEBUG_INFO = INCLUDE_SOURCE;
				MTL_FAST_MATH = YES;
				ONLY_ACTIVE_ARCH = YES;
				SDKROOT = iphoneos;
				SWIFT_ACTIVE_COMPILATION_CONDITIONS = DEBUG;
				SWIFT_OPTIMIZATION_LEVEL = "-Onone";
				VERSIONING_SYSTEM = "apple-generic";
				VERSION_INFO_PREFIX = "";
			};
			name = Debug;
		};
		1E4CFE9D23F2E71000E445F3 /* Release */ = {
			isa = XCBuildConfiguration;
			buildSettings = {
				ALWAYS_SEARCH_USER_PATHS = NO;
				CLANG_ANALYZER_NONNULL = YES;
				CLANG_ANALYZER_NUMBER_OBJECT_CONVERSION = YES_AGGRESSIVE;
				CLANG_CXX_LANGUAGE_STANDARD = "gnu++14";
				CLANG_CXX_LIBRARY = "libc++";
				CLANG_ENABLE_MODULES = YES;
				CLANG_ENABLE_OBJC_ARC = YES;
				CLANG_ENABLE_OBJC_WEAK = YES;
				CLANG_WARN_BLOCK_CAPTURE_AUTORELEASING = YES;
				CLANG_WARN_BOOL_CONVERSION = YES;
				CLANG_WARN_COMMA = YES;
				CLANG_WARN_CONSTANT_CONVERSION = YES;
				CLANG_WARN_DEPRECATED_OBJC_IMPLEMENTATIONS = YES;
				CLANG_WARN_DIRECT_OBJC_ISA_USAGE = YES_ERROR;
				CLANG_WARN_DOCUMENTATION_COMMENTS = YES;
				CLANG_WARN_EMPTY_BODY = YES;
				CLANG_WARN_ENUM_CONVERSION = YES;
				CLANG_WARN_INFINITE_RECURSION = YES;
				CLANG_WARN_INT_CONVERSION = YES;
				CLANG_WARN_NON_LITERAL_NULL_CONVERSION = YES;
				CLANG_WARN_OBJC_IMPLICIT_RETAIN_SELF = YES;
				CLANG_WARN_OBJC_LITERAL_CONVERSION = YES;
				CLANG_WARN_OBJC_ROOT_CLASS = YES_ERROR;
				CLANG_WARN_RANGE_LOOP_ANALYSIS = YES;
				CLANG_WARN_STRICT_PROTOTYPES = YES;
				CLANG_WARN_SUSPICIOUS_MOVE = YES;
				CLANG_WARN_UNGUARDED_AVAILABILITY = YES_AGGRESSIVE;
				CLANG_WARN_UNREACHABLE_CODE = YES;
				CLANG_WARN__DUPLICATE_METHOD_MATCH = YES;
				COPY_PHASE_STRIP = NO;
				CURRENT_PROJECT_VERSION = 1;
				DEBUG_INFORMATION_FORMAT = "dwarf-with-dsym";
				ENABLE_NS_ASSERTIONS = NO;
				ENABLE_STRICT_OBJC_MSGSEND = YES;
				GCC_C_LANGUAGE_STANDARD = gnu11;
				GCC_NO_COMMON_BLOCKS = YES;
				GCC_WARN_64_TO_32_BIT_CONVERSION = YES;
				GCC_WARN_ABOUT_RETURN_TYPE = YES_ERROR;
				GCC_WARN_UNDECLARED_SELECTOR = YES;
				GCC_WARN_UNINITIALIZED_AUTOS = YES_AGGRESSIVE;
				GCC_WARN_UNUSED_FUNCTION = YES;
				GCC_WARN_UNUSED_VARIABLE = YES;
				IPHONEOS_DEPLOYMENT_TARGET = 11.0;
				MTL_ENABLE_DEBUG_INFO = NO;
				MTL_FAST_MATH = YES;
				SDKROOT = iphoneos;
				SWIFT_COMPILATION_MODE = wholemodule;
				SWIFT_OPTIMIZATION_LEVEL = "-O";
				VALIDATE_PRODUCT = YES;
				VERSIONING_SYSTEM = "apple-generic";
				VERSION_INFO_PREFIX = "";
			};
			name = Release;
		};
		1E4CFE9F23F2E71000E445F3 /* Debug */ = {
			isa = XCBuildConfiguration;
			baseConfigurationReference = D7EAD100134604FA2F641D87 /* Pods-Getpay-Core.debug.xcconfig */;
			buildSettings = {
				CLANG_ENABLE_MODULES = YES;
				CODE_SIGN_IDENTITY = "";
				CODE_SIGN_STYLE = Manual;
				DEFINES_MODULE = YES;
				DEVELOPMENT_TEAM = PEW6979Z9C;
				DYLIB_COMPATIBILITY_VERSION = 1;
				DYLIB_CURRENT_VERSION = 1;
				DYLIB_INSTALL_NAME_BASE = "@rpath";
				ENABLE_HARDENED_RUNTIME = YES;
				FRAMEWORK_SEARCH_PATHS = (
					"$(inherited)",
					"$(PROJECT_DIR)",
					"$(PROJECT_DIR)/Getpay-Core",
				);
				INFOPLIST_FILE = "Getpay-Core/Info.plist";
				INSTALL_PATH = "$(LOCAL_LIBRARY_DIR)/Frameworks";
				IPHONEOS_DEPLOYMENT_TARGET = 10.3;
				LD_RUNPATH_SEARCH_PATHS = (
					"$(inherited)",
					"@executable_path/Frameworks",
					"@loader_path/Frameworks",
				);
				MARKETING_VERSION = 1.0.4;
				ONLY_ACTIVE_ARCH = YES;
				PRODUCT_BUNDLE_IDENTIFIER = "br.com.getnet.Getpay-Core";
				PRODUCT_NAME = "$(TARGET_NAME:c99extidentifier)";
				PROVISIONING_PROFILE_SPECIFIER = "";
				SDKROOT = iphoneos;
				SKIP_INSTALL = YES;
				SUPPORTS_MACCATALYST = YES;
				SWIFT_OPTIMIZATION_LEVEL = "-Onone";
				SWIFT_VERSION = 5.0;
				TARGETED_DEVICE_FAMILY = "1,2";
			};
			name = Debug;
		};
		1E4CFEA023F2E71000E445F3 /* Release */ = {
			isa = XCBuildConfiguration;
			baseConfigurationReference = B4BBE1BA43463F596C87BE7B /* Pods-Getpay-Core.release.xcconfig */;
			buildSettings = {
				CLANG_ENABLE_MODULES = YES;
				CODE_SIGN_IDENTITY = "";
				CODE_SIGN_STYLE = Manual;
				DEFINES_MODULE = YES;
				DEVELOPMENT_TEAM = PEW6979Z9C;
				DYLIB_COMPATIBILITY_VERSION = 1;
				DYLIB_CURRENT_VERSION = 1;
				DYLIB_INSTALL_NAME_BASE = "@rpath";
				ENABLE_HARDENED_RUNTIME = YES;
				FRAMEWORK_SEARCH_PATHS = (
					"$(inherited)",
					"$(PROJECT_DIR)",
					"$(PROJECT_DIR)/Getpay-Core",
				);
				INFOPLIST_FILE = "Getpay-Core/Info.plist";
				INSTALL_PATH = "$(LOCAL_LIBRARY_DIR)/Frameworks";
				IPHONEOS_DEPLOYMENT_TARGET = 10.3;
				LD_RUNPATH_SEARCH_PATHS = (
					"$(inherited)",
					"@executable_path/Frameworks",
					"@loader_path/Frameworks",
				);
				MARKETING_VERSION = 1.0.4;
				ONLY_ACTIVE_ARCH = YES;
				PRODUCT_BUNDLE_IDENTIFIER = "br.com.getnet.Getpay-Core";
				PRODUCT_NAME = "$(TARGET_NAME:c99extidentifier)";
				PROVISIONING_PROFILE_SPECIFIER = "";
				SDKROOT = iphoneos;
				SKIP_INSTALL = YES;
				SUPPORTS_MACCATALYST = YES;
				SWIFT_VERSION = 5.0;
				TARGETED_DEVICE_FAMILY = "1,2";
			};
			name = Release;
		};
		1E4CFEA223F2E71000E445F3 /* Debug */ = {
			isa = XCBuildConfiguration;
			baseConfigurationReference = 138BC2547A9D18C7E8C48628 /* Pods-Getpay-CoreTests.debug.xcconfig */;
			buildSettings = {
				ALWAYS_EMBED_SWIFT_STANDARD_LIBRARIES = YES;
				CODE_SIGN_STYLE = Automatic;
				DEVELOPMENT_TEAM = PEW6979Z9C;
				INFOPLIST_FILE = "Getpay-CoreTests/Info.plist";
				LD_RUNPATH_SEARCH_PATHS = (
					"$(inherited)",
					"@executable_path/Frameworks",
					"@loader_path/Frameworks",
				);
				PRODUCT_BUNDLE_IDENTIFIER = "br.com.getnet.Getpay-CoreTests";
				PRODUCT_NAME = "$(TARGET_NAME)";
				SWIFT_VERSION = 5.0;
				TARGETED_DEVICE_FAMILY = "1,2";
			};
			name = Debug;
		};
		1E4CFEA323F2E71000E445F3 /* Release */ = {
			isa = XCBuildConfiguration;
			baseConfigurationReference = 0A415E063BA3DA4D1168B02E /* Pods-Getpay-CoreTests.release.xcconfig */;
			buildSettings = {
				ALWAYS_EMBED_SWIFT_STANDARD_LIBRARIES = YES;
				CODE_SIGN_STYLE = Automatic;
				DEVELOPMENT_TEAM = PEW6979Z9C;
				INFOPLIST_FILE = "Getpay-CoreTests/Info.plist";
				LD_RUNPATH_SEARCH_PATHS = (
					"$(inherited)",
					"@executable_path/Frameworks",
					"@loader_path/Frameworks",
				);
				PRODUCT_BUNDLE_IDENTIFIER = "br.com.getnet.Getpay-CoreTests";
				PRODUCT_NAME = "$(TARGET_NAME)";
				SWIFT_VERSION = 5.0;
				TARGETED_DEVICE_FAMILY = "1,2";
			};
			name = Release;
		};
/* End XCBuildConfiguration section */

/* Begin XCConfigurationList section */
		1E4CFE8423F2E71000E445F3 /* Build configuration list for PBXProject "Getpay-Core" */ = {
			isa = XCConfigurationList;
			buildConfigurations = (
				1E4CFE9C23F2E71000E445F3 /* Debug */,
				1E4CFE9D23F2E71000E445F3 /* Release */,
			);
			defaultConfigurationIsVisible = 0;
			defaultConfigurationName = Release;
		};
		1E4CFE9E23F2E71000E445F3 /* Build configuration list for PBXNativeTarget "Getpay-Core" */ = {
			isa = XCConfigurationList;
			buildConfigurations = (
				1E4CFE9F23F2E71000E445F3 /* Debug */,
				1E4CFEA023F2E71000E445F3 /* Release */,
			);
			defaultConfigurationIsVisible = 0;
			defaultConfigurationName = Release;
		};
		1E4CFEA123F2E71000E445F3 /* Build configuration list for PBXNativeTarget "Getpay-CoreTests" */ = {
			isa = XCConfigurationList;
			buildConfigurations = (
				1E4CFEA223F2E71000E445F3 /* Debug */,
				1E4CFEA323F2E71000E445F3 /* Release */,
			);
			defaultConfigurationIsVisible = 0;
			defaultConfigurationName = Release;
		};
/* End XCConfigurationList section */
	};
	rootObject = 1E4CFE8123F2E71000E445F3 /* Project object */;
}
